
Microsoft Visual Studio Solution File, Format Version 12.00
# Visual Studio 15
VisualStudioVersion = 15.0.27004.2009
MinimumVisualStudioVersion = 10.0.40219.1
Project("{FAE04EC0-301F-11D3-BF4B-00C04F79EFBC}") = "GrabD2Data", "GrabD2Data\GrabD2Data.csproj", "{9A1A9783-358D-4532-91E7-70172A943B97}"
EndProject
Project("{FAE04EC0-301F-11D3-BF4B-00C04F79EFBC}") = "DataCompile", "DataCompile\DataCompile.csproj", "{56246797-4223-491D-9110-BBD1676475BE}"
EndProject
Global
	GlobalSection(SolutionConfigurationPlatforms) = preSolution
		Debug|Any CPU = Debug|Any CPU
		Release|Any CPU = Release|Any CPU
	EndGlobalSection
	GlobalSection(ProjectConfigurationPlatforms) = postSolution
		{9A1A9783-358D-4532-91E7-70172A943B97}.Debug|Any CPU.ActiveCfg = Debug|Any CPU
		{9A1A9783-358D-4532-91E7-70172A943B97}.Debug|Any CPU.Build.0 = Debug|Any CPU
		{9A1A9783-358D-4532-91E7-70172A943B97}.Release|Any CPU.ActiveCfg = Release|Any CPU
		{9A1A9783-358D-4532-91E7-70172A943B97}.Release|Any CPU.Build.0 = Release|Any CPU
		{56246797-4223-491D-9110-BBD1676475BE}.Debug|Any CPU.ActiveCfg = Debug|Any CPU
		{56246797-4223-491D-9110-BBD1676475BE}.Debug|Any CPU.Build.0 = Debug|Any CPU
		{56246797-4223-491D-9110-BBD1676475BE}.Release|Any CPU.ActiveCfg = Release|Any CPU
		{56246797-4223-491D-9110-BBD1676475BE}.Release|Any CPU.Build.0 = Release|Any CPU
	EndGlobalSection
	GlobalSection(SolutionProperties) = preSolution
		HideSolutionNode = FALSE
	EndGlobalSection
	GlobalSection(ExtensibilityGlobals) = postSolution
		SolutionGuid = {DA75883B-EE47-4458-A4DD-FFCA6BD97A10}
	EndGlobalSection
EndGlobal
